
Microsoft Visual Studio Solution File, Format Version 12.00
# Visual Studio Version 17
VisualStudioVersion = 17.4.33213.308
MinimumVisualStudioVersion = 10.0.40219.1
Project("{2150E333-8FDC-42A3-9474-1A3956D46DE8}") = ".nuget", ".nuget", "{6DED8087-CC41-4624-A054-6753F031AD1F}"
	ProjectSection(SolutionItems) = preProject
		.nuget\NuGet.Config = .nuget\NuGet.Config
	EndProjectSection
EndProject
Project("{2150E333-8FDC-42A3-9474-1A3956D46DE8}") = "1.0 Libraries", "1.0 Libraries", "{32EF5522-D2B6-4876-AB5E-FC2CF00B5166}"
EndProject
Project("{2150E333-8FDC-42A3-9474-1A3956D46DE8}") = "1.1 Testing", "1.1 Testing", "{E719992B-9E74-4388-A861-8AA8CE01E11B}"
EndProject
Project("{2150E333-8FDC-42A3-9474-1A3956D46DE8}") = "2.0 Hosts", "2.0 Hosts", "{919EAECC-A60D-4012-B737-7222092C527B}"
EndProject
Project("{FAE04EC0-301F-11D3-BF4B-00C04F79EFBC}") = "Abim.Platform.Program.Host", "Abim.Platform.Program.Host\Abim.Platform.Program.Host.csproj", "{52995214-BEE2-4044-BDAC-9F0E54D04623}"
EndProject
Project("{FAE04EC0-301F-11D3-BF4B-00C04F79EFBC}") = "Abim.Platform.Program.App", "Abim.Platform.Program.App\Abim.Platform.Program.App.csproj", "{2549D103-D0A7-46F7-A008-B77EE2B954C0}"
EndProject
Project("{2150E333-8FDC-42A3-9474-1A3956D46DE8}") = "0.0 Database Project", "0.0 Database Project", "{946C121D-CD54-4BCE-8EEB-1C3732747983}"
EndProject
Project("{00D1A9C2-B5F0-4AF3-8072-F6C62B433612}") = "Abim.Platform.Program.Certification.Database", "Abim.Platform.Program.Certification.Database\Abim.Platform.Program.Certification.Database.sqlproj", "{18FB4F95-16C8-48F6-8F22-A8CF1865A36E}"
EndProject
Project("{2150E333-8FDC-42A3-9474-1A3956D46DE8}") = "Postman", "Postman", "{69BD6C7B-18DF-4B61-80BE-562EE0DC21DF}"
	ProjectSection(SolutionItems) = preProject
		1 Dev Certification.postman_collection.json = 1 Dev Certification.postman_collection.json
		2 Local Certification.postman_collection.json = 2 Local Certification.postman_collection.json
		3 QA Certification.postman_collection.json = 3 QA Certification.postman_collection.json
	EndProjectSection
EndProject
Project("{FAE04EC0-301F-11D3-BF4B-00C04F79EFBC}") = "Abim.Platform.Program.Jobs", "Abim.Platform.Program.Jobs\Abim.Platform.Program.Jobs.csproj", "{6A840350-AE61-4C95-B50C-F0F345895868}"
EndProject
Project("{2150E333-8FDC-42A3-9474-1A3956D46DE8}") = "3.0 Nugets", "3.0 Nugets", "{0D86431A-D064-4BBF-9E84-CA904C62A3F7}"
EndProject
Project("{2150E333-8FDC-42A3-9474-1A3956D46DE8}") = "3.1 Interservice", "3.1 Interservice", "{CFFB066F-048B-451F-B342-A08A02142ED2}"
EndProject
Project("{9A19103F-16F7-4668-BE54-9A1E7A4F7556}") = "Abim.Enterprise.Core.Program.Interservice", "Abim.Enterprise.Core.Program.Interservice\Abim.Enterprise.Core.Program.Interservice.csproj", "{9E207003-9E65-439A-A9B2-AFB3EDA38F55}"
EndProject
Project("{2150E333-8FDC-42A3-9474-1A3956D46DE8}") = "3.2 Resources", "3.2 Resources", "{26501D71-EBD2-4E40-A805-76C6F3082818}"
EndProject
Project("{9A19103F-16F7-4668-BE54-9A1E7A4F7556}") = "Abim.Enterprise.Core.Program.Resources", "Abim.Enterprise.Core.Program.Resources\Abim.Enterprise.Core.Program.Resources.csproj", "{B90B4443-277F-4E7F-BE6B-50165C1C3B24}"
EndProject
Project("{2150E333-8FDC-42A3-9474-1A3956D46DE8}") = "3.3 Events", "3.3 Events", "{FDB9E98A-B6EE-487C-ACBA-AB47C47A600A}"
EndProject
Project("{9A19103F-16F7-4668-BE54-9A1E7A4F7556}") = "Abim.Platform.Program.Events", "Abim.Platform.Program.Events\Abim.Platform.Program.Events.csproj", "{84B198A9-7ADA-4050-B0A1-D68BAA4DAE81}"
EndProject
Project("{2150E333-8FDC-42A3-9474-1A3956D46DE8}") = "4.0 Core", "4.0 Core", "{F9270F1F-5622-4D69-86E1-6A5CB8BBD4A1}"
EndProject
Project("{2150E333-8FDC-42A3-9474-1A3956D46DE8}") = "5.0 Relational", "5.0 Relational", "{63CF50CF-CA9B-451F-8E49-B59C9A30D907}"
EndProject
Project("{2150E333-8FDC-42A3-9474-1A3956D46DE8}") = "6.0 WebApi", "6.0 WebApi", "{AA53DF3A-A303-4DE4-9CC9-5C7A4A6EF046}"
EndProject
Project("{FAE04EC0-301F-11D3-BF4B-00C04F79EFBC}") = "Abim.Platform.Program.Core", "Abim.Platform.Program.Core\Abim.Platform.Program.Core.csproj", "{0756F8A5-08FA-4D7F-9ADC-F1B347C145E5}"
EndProject
Project("{FAE04EC0-301F-11D3-BF4B-00C04F79EFBC}") = "Abim.Platform.Program.Relational", "Abim.Platform.Program.Relational\Abim.Platform.Program.Relational.csproj", "{C5E216FE-DBBA-4E05-9B94-FF769DA057CC}"
EndProject
Project("{FAE04EC0-301F-11D3-BF4B-00C04F79EFBC}") = "Abim.Platform.Program.WebApi", "Abim.Platform.Program.WebApi\Abim.Platform.Program.WebApi.csproj", "{ACD292D2-3EB1-4D33-83EE-8FB426A3C5A1}"
EndProject
Project("{FAE04EC0-301F-11D3-BF4B-00C04F79EFBC}") = "Abim.Platform.Program.Tests", "Abim.Platform.Program.Functional.Tests\Abim.Platform.Program.Tests.csproj", "{208B3F17-5BB6-4FD2-96D5-FEE7D4DBE4E5}"
EndProject
Project("{FAE04EC0-301F-11D3-BF4B-00C04F79EFBC}") = "Abim.Platform.Program.Integration", "Abim.Platform.Program.Integration\Abim.Platform.Program.Integration.csproj", "{7093443F-1C17-4D77-9B1E-FDC470705CB9}"
EndProject
Project("{2150E333-8FDC-42A3-9474-1A3956D46DE8}") = "Solution Items", "Solution Items", "{2C6EA290-8D62-493F-9D7F-060D3F187E52}"
EndProject
Project("{FAE04EC0-301F-11D3-BF4B-00C04F79EFBC}") = "Abim.Platform.Program.MembershipClient", "Abim.Platform.Program.MembershipClient\Abim.Platform.Program.MembershipClient.csproj", "{AF0D9563-8C6A-4C7B-A740-A34E132BC850}"
EndProject
Global
	GlobalSection(SolutionConfigurationPlatforms) = preSolution
		Debug|Any CPU = Debug|Any CPU
		Debug|x64 = Debug|x64
		Debug|x86 = Debug|x86
		Release|Any CPU = Release|Any CPU
		Release|x64 = Release|x64
		Release|x86 = Release|x86
	EndGlobalSection
	GlobalSection(ProjectConfigurationPlatforms) = postSolution
		{52995214-BEE2-4044-BDAC-9F0E54D04623}.Debug|Any CPU.ActiveCfg = Debug|Any CPU
		{52995214-BEE2-4044-BDAC-9F0E54D04623}.Debug|Any CPU.Build.0 = Debug|Any CPU
		{52995214-BEE2-4044-BDAC-9F0E54D04623}.Debug|x64.ActiveCfg = Debug|x64
		{52995214-BEE2-4044-BDAC-9F0E54D04623}.Debug|x64.Build.0 = Debug|x64
		{52995214-BEE2-4044-BDAC-9F0E54D04623}.Debug|x86.ActiveCfg = Debug|Any CPU
		{52995214-BEE2-4044-BDAC-9F0E54D04623}.Release|Any CPU.ActiveCfg = Release|Any CPU
		{52995214-BEE2-4044-BDAC-9F0E54D04623}.Release|Any CPU.Build.0 = Release|Any CPU
		{52995214-BEE2-4044-BDAC-9F0E54D04623}.Release|x64.ActiveCfg = Release|x64
		{52995214-BEE2-4044-BDAC-9F0E54D04623}.Release|x64.Build.0 = Release|x64
		{52995214-BEE2-4044-BDAC-9F0E54D04623}.Release|x86.ActiveCfg = Release|Any CPU
		{2549D103-D0A7-46F7-A008-B77EE2B954C0}.Debug|Any CPU.ActiveCfg = Debug|Any CPU
		{2549D103-D0A7-46F7-A008-B77EE2B954C0}.Debug|Any CPU.Build.0 = Debug|Any CPU
		{2549D103-D0A7-46F7-A008-B77EE2B954C0}.Debug|x64.ActiveCfg = Debug|x64
		{2549D103-D0A7-46F7-A008-B77EE2B954C0}.Debug|x64.Build.0 = Debug|x64
		{2549D103-D0A7-46F7-A008-B77EE2B954C0}.Debug|x86.ActiveCfg = Debug|Any CPU
		{2549D103-D0A7-46F7-A008-B77EE2B954C0}.Release|Any CPU.ActiveCfg = Release|Any CPU
		{2549D103-D0A7-46F7-A008-B77EE2B954C0}.Release|Any CPU.Build.0 = Release|Any CPU
		{2549D103-D0A7-46F7-A008-B77EE2B954C0}.Release|x64.ActiveCfg = Release|x64
		{2549D103-D0A7-46F7-A008-B77EE2B954C0}.Release|x64.Build.0 = Release|x64
		{2549D103-D0A7-46F7-A008-B77EE2B954C0}.Release|x86.ActiveCfg = Release|Any CPU
		{18FB4F95-16C8-48F6-8F22-A8CF1865A36E}.Debug|Any CPU.ActiveCfg = Debug|Any CPU
		{18FB4F95-16C8-48F6-8F22-A8CF1865A36E}.Debug|Any CPU.Build.0 = Debug|Any CPU
		{18FB4F95-16C8-48F6-8F22-A8CF1865A36E}.Debug|Any CPU.Deploy.0 = Debug|Any CPU
		{18FB4F95-16C8-48F6-8F22-A8CF1865A36E}.Debug|x64.ActiveCfg = Debug|x64
		{18FB4F95-16C8-48F6-8F22-A8CF1865A36E}.Debug|x64.Build.0 = Debug|x64
		{18FB4F95-16C8-48F6-8F22-A8CF1865A36E}.Debug|x64.Deploy.0 = Debug|x64
		{18FB4F95-16C8-48F6-8F22-A8CF1865A36E}.Debug|x86.ActiveCfg = Debug|Any CPU
		{18FB4F95-16C8-48F6-8F22-A8CF1865A36E}.Release|Any CPU.ActiveCfg = Release|Any CPU
		{18FB4F95-16C8-48F6-8F22-A8CF1865A36E}.Release|Any CPU.Build.0 = Release|Any CPU
		{18FB4F95-16C8-48F6-8F22-A8CF1865A36E}.Release|Any CPU.Deploy.0 = Release|Any CPU
		{18FB4F95-16C8-48F6-8F22-A8CF1865A36E}.Release|x64.ActiveCfg = Release|x64
		{18FB4F95-16C8-48F6-8F22-A8CF1865A36E}.Release|x64.Build.0 = Release|x64
		{18FB4F95-16C8-48F6-8F22-A8CF1865A36E}.Release|x64.Deploy.0 = Release|x64
		{18FB4F95-16C8-48F6-8F22-A8CF1865A36E}.Release|x86.ActiveCfg = Release|Any CPU
		{6A840350-AE61-4C95-B50C-F0F345895868}.Debug|Any CPU.ActiveCfg = Debug|Any CPU
		{6A840350-AE61-4C95-B50C-F0F345895868}.Debug|Any CPU.Build.0 = Debug|Any CPU
		{6A840350-AE61-4C95-B50C-F0F345895868}.Debug|x64.ActiveCfg = Debug|x64
		{6A840350-AE61-4C95-B50C-F0F345895868}.Debug|x64.Build.0 = Debug|x64
		{6A840350-AE61-4C95-B50C-F0F345895868}.Debug|x86.ActiveCfg = Debug|Any CPU
		{6A840350-AE61-4C95-B50C-F0F345895868}.Debug|x86.Build.0 = Debug|Any CPU
		{6A840350-AE61-4C95-B50C-F0F345895868}.Release|Any CPU.ActiveCfg = Release|Any CPU
		{6A840350-AE61-4C95-B50C-F0F345895868}.Release|Any CPU.Build.0 = Release|Any CPU
		{6A840350-AE61-4C95-B50C-F0F345895868}.Release|x64.ActiveCfg = Release|x64
		{6A840350-AE61-4C95-B50C-F0F345895868}.Release|x64.Build.0 = Release|x64
		{6A840350-AE61-4C95-B50C-F0F345895868}.Release|x86.ActiveCfg = Release|Any CPU
		{6A840350-AE61-4C95-B50C-F0F345895868}.Release|x86.Build.0 = Release|Any CPU
		{9E207003-9E65-439A-A9B2-AFB3EDA38F55}.Debug|Any CPU.ActiveCfg = Debug|Any CPU
		{9E207003-9E65-439A-A9B2-AFB3EDA38F55}.Debug|Any CPU.Build.0 = Debug|Any CPU
		{9E207003-9E65-439A-A9B2-AFB3EDA38F55}.Debug|x64.ActiveCfg = Debug|x64
		{9E207003-9E65-439A-A9B2-AFB3EDA38F55}.Debug|x64.Build.0 = Debug|x64
		{9E207003-9E65-439A-A9B2-AFB3EDA38F55}.Debug|x86.ActiveCfg = Debug|Any CPU
		{9E207003-9E65-439A-A9B2-AFB3EDA38F55}.Debug|x86.Build.0 = Debug|Any CPU
		{9E207003-9E65-439A-A9B2-AFB3EDA38F55}.Release|Any CPU.ActiveCfg = Release|Any CPU
		{9E207003-9E65-439A-A9B2-AFB3EDA38F55}.Release|Any CPU.Build.0 = Release|Any CPU
		{9E207003-9E65-439A-A9B2-AFB3EDA38F55}.Release|x64.ActiveCfg = Release|x64
		{9E207003-9E65-439A-A9B2-AFB3EDA38F55}.Release|x64.Build.0 = Release|x64
		{9E207003-9E65-439A-A9B2-AFB3EDA38F55}.Release|x86.ActiveCfg = Release|Any CPU
		{9E207003-9E65-439A-A9B2-AFB3EDA38F55}.Release|x86.Build.0 = Release|Any CPU
		{B90B4443-277F-4E7F-BE6B-50165C1C3B24}.Debug|Any CPU.ActiveCfg = Debug|Any CPU
		{B90B4443-277F-4E7F-BE6B-50165C1C3B24}.Debug|Any CPU.Build.0 = Debug|Any CPU
		{B90B4443-277F-4E7F-BE6B-50165C1C3B24}.Debug|x64.ActiveCfg = Debug|x64
		{B90B4443-277F-4E7F-BE6B-50165C1C3B24}.Debug|x64.Build.0 = Debug|x64
		{B90B4443-277F-4E7F-BE6B-50165C1C3B24}.Debug|x86.ActiveCfg = Debug|Any CPU
		{B90B4443-277F-4E7F-BE6B-50165C1C3B24}.Debug|x86.Build.0 = Debug|Any CPU
		{B90B4443-277F-4E7F-BE6B-50165C1C3B24}.Release|Any CPU.ActiveCfg = Release|Any CPU
		{B90B4443-277F-4E7F-BE6B-50165C1C3B24}.Release|Any CPU.Build.0 = Release|Any CPU
		{B90B4443-277F-4E7F-BE6B-50165C1C3B24}.Release|x64.ActiveCfg = Release|x64
		{B90B4443-277F-4E7F-BE6B-50165C1C3B24}.Release|x64.Build.0 = Release|x64
		{B90B4443-277F-4E7F-BE6B-50165C1C3B24}.Release|x86.ActiveCfg = Release|Any CPU
		{B90B4443-277F-4E7F-BE6B-50165C1C3B24}.Release|x86.Build.0 = Release|Any CPU
		{84B198A9-7ADA-4050-B0A1-D68BAA4DAE81}.Debug|Any CPU.ActiveCfg = Debug|Any CPU
		{84B198A9-7ADA-4050-B0A1-D68BAA4DAE81}.Debug|Any CPU.Build.0 = Debug|Any CPU
		{84B198A9-7ADA-4050-B0A1-D68BAA4DAE81}.Debug|x64.ActiveCfg = Debug|x64
		{84B198A9-7ADA-4050-B0A1-D68BAA4DAE81}.Debug|x64.Build.0 = Debug|x64
		{84B198A9-7ADA-4050-B0A1-D68BAA4DAE81}.Debug|x86.ActiveCfg = Debug|Any CPU
		{84B198A9-7ADA-4050-B0A1-D68BAA4DAE81}.Debug|x86.Build.0 = Debug|Any CPU
		{84B198A9-7ADA-4050-B0A1-D68BAA4DAE81}.Release|Any CPU.ActiveCfg = Release|Any CPU
		{84B198A9-7ADA-4050-B0A1-D68BAA4DAE81}.Release|Any CPU.Build.0 = Release|Any CPU
		{84B198A9-7ADA-4050-B0A1-D68BAA4DAE81}.Release|x64.ActiveCfg = Release|x64
		{84B198A9-7ADA-4050-B0A1-D68BAA4DAE81}.Release|x64.Build.0 = Release|x64
		{84B198A9-7ADA-4050-B0A1-D68BAA4DAE81}.Release|x86.ActiveCfg = Release|Any CPU
		{84B198A9-7ADA-4050-B0A1-D68BAA4DAE81}.Release|x86.Build.0 = Release|Any CPU
		{0756F8A5-08FA-4D7F-9ADC-F1B347C145E5}.Debug|Any CPU.ActiveCfg = Debug|Any CPU
		{0756F8A5-08FA-4D7F-9ADC-F1B347C145E5}.Debug|Any CPU.Build.0 = Debug|Any CPU
		{0756F8A5-08FA-4D7F-9ADC-F1B347C145E5}.Debug|x64.ActiveCfg = Debug|x64
		{0756F8A5-08FA-4D7F-9ADC-F1B347C145E5}.Debug|x64.Build.0 = Debug|x64
		{0756F8A5-08FA-4D7F-9ADC-F1B347C145E5}.Debug|x86.ActiveCfg = Debug|Any CPU
		{0756F8A5-08FA-4D7F-9ADC-F1B347C145E5}.Debug|x86.Build.0 = Debug|Any CPU
		{0756F8A5-08FA-4D7F-9ADC-F1B347C145E5}.Release|Any CPU.ActiveCfg = Release|Any CPU
		{0756F8A5-08FA-4D7F-9ADC-F1B347C145E5}.Release|Any CPU.Build.0 = Release|Any CPU
		{0756F8A5-08FA-4D7F-9ADC-F1B347C145E5}.Release|x64.ActiveCfg = Release|x64
		{0756F8A5-08FA-4D7F-9ADC-F1B347C145E5}.Release|x64.Build.0 = Release|x64
		{0756F8A5-08FA-4D7F-9ADC-F1B347C145E5}.Release|x86.ActiveCfg = Release|Any CPU
		{0756F8A5-08FA-4D7F-9ADC-F1B347C145E5}.Release|x86.Build.0 = Release|Any CPU
		{C5E216FE-DBBA-4E05-9B94-FF769DA057CC}.Debug|Any CPU.ActiveCfg = Debug|Any CPU
		{C5E216FE-DBBA-4E05-9B94-FF769DA057CC}.Debug|Any CPU.Build.0 = Debug|Any CPU
		{C5E216FE-DBBA-4E05-9B94-FF769DA057CC}.Debug|x64.ActiveCfg = Debug|x64
		{C5E216FE-DBBA-4E05-9B94-FF769DA057CC}.Debug|x64.Build.0 = Debug|x64
		{C5E216FE-DBBA-4E05-9B94-FF769DA057CC}.Debug|x86.ActiveCfg = Debug|Any CPU
		{C5E216FE-DBBA-4E05-9B94-FF769DA057CC}.Debug|x86.Build.0 = Debug|Any CPU
		{C5E216FE-DBBA-4E05-9B94-FF769DA057CC}.Release|Any CPU.ActiveCfg = Release|Any CPU
		{C5E216FE-DBBA-4E05-9B94-FF769DA057CC}.Release|Any CPU.Build.0 = Release|Any CPU
		{C5E216FE-DBBA-4E05-9B94-FF769DA057CC}.Release|x64.ActiveCfg = Release|x64
		{C5E216FE-DBBA-4E05-9B94-FF769DA057CC}.Release|x64.Build.0 = Release|x64
		{C5E216FE-DBBA-4E05-9B94-FF769DA057CC}.Release|x86.ActiveCfg = Release|Any CPU
		{C5E216FE-DBBA-4E05-9B94-FF769DA057CC}.Release|x86.Build.0 = Release|Any CPU
		{ACD292D2-3EB1-4D33-83EE-8FB426A3C5A1}.Debug|Any CPU.ActiveCfg = Debug|Any CPU
		{ACD292D2-3EB1-4D33-83EE-8FB426A3C5A1}.Debug|Any CPU.Build.0 = Debug|Any CPU
		{ACD292D2-3EB1-4D33-83EE-8FB426A3C5A1}.Debug|x64.ActiveCfg = Debug|x64
		{ACD292D2-3EB1-4D33-83EE-8FB426A3C5A1}.Debug|x64.Build.0 = Debug|x64
		{ACD292D2-3EB1-4D33-83EE-8FB426A3C5A1}.Debug|x86.ActiveCfg = Debug|Any CPU
		{ACD292D2-3EB1-4D33-83EE-8FB426A3C5A1}.Debug|x86.Build.0 = Debug|Any CPU
		{ACD292D2-3EB1-4D33-83EE-8FB426A3C5A1}.Release|Any CPU.ActiveCfg = Release|Any CPU
		{ACD292D2-3EB1-4D33-83EE-8FB426A3C5A1}.Release|Any CPU.Build.0 = Release|Any CPU
		{ACD292D2-3EB1-4D33-83EE-8FB426A3C5A1}.Release|x64.ActiveCfg = Release|x64
		{ACD292D2-3EB1-4D33-83EE-8FB426A3C5A1}.Release|x64.Build.0 = Release|x64
		{ACD292D2-3EB1-4D33-83EE-8FB426A3C5A1}.Release|x86.ActiveCfg = Release|Any CPU
		{ACD292D2-3EB1-4D33-83EE-8FB426A3C5A1}.Release|x86.Build.0 = Release|Any CPU
		{208B3F17-5BB6-4FD2-96D5-FEE7D4DBE4E5}.Debug|Any CPU.ActiveCfg = Debug|Any CPU
		{208B3F17-5BB6-4FD2-96D5-FEE7D4DBE4E5}.Debug|Any CPU.Build.0 = Debug|Any CPU
		{208B3F17-5BB6-4FD2-96D5-FEE7D4DBE4E5}.Debug|x64.ActiveCfg = Debug|x64
		{208B3F17-5BB6-4FD2-96D5-FEE7D4DBE4E5}.Debug|x64.Build.0 = Debug|x64
		{208B3F17-5BB6-4FD2-96D5-FEE7D4DBE4E5}.Debug|x86.ActiveCfg = Debug|Any CPU
		{208B3F17-5BB6-4FD2-96D5-FEE7D4DBE4E5}.Debug|x86.Build.0 = Debug|Any CPU
		{208B3F17-5BB6-4FD2-96D5-FEE7D4DBE4E5}.Release|Any CPU.ActiveCfg = Release|Any CPU
		{208B3F17-5BB6-4FD2-96D5-FEE7D4DBE4E5}.Release|Any CPU.Build.0 = Release|Any CPU
		{208B3F17-5BB6-4FD2-96D5-FEE7D4DBE4E5}.Release|x64.ActiveCfg = Release|x64
		{208B3F17-5BB6-4FD2-96D5-FEE7D4DBE4E5}.Release|x64.Build.0 = Release|x64
		{208B3F17-5BB6-4FD2-96D5-FEE7D4DBE4E5}.Release|x86.ActiveCfg = Release|Any CPU
		{208B3F17-5BB6-4FD2-96D5-FEE7D4DBE4E5}.Release|x86.Build.0 = Release|Any CPU
		{7093443F-1C17-4D77-9B1E-FDC470705CB9}.Debug|Any CPU.ActiveCfg = Debug|Any CPU
		{7093443F-1C17-4D77-9B1E-FDC470705CB9}.Debug|Any CPU.Build.0 = Debug|Any CPU
		{7093443F-1C17-4D77-9B1E-FDC470705CB9}.Debug|x64.ActiveCfg = Debug|x64
		{7093443F-1C17-4D77-9B1E-FDC470705CB9}.Debug|x64.Build.0 = Debug|x64
		{7093443F-1C17-4D77-9B1E-FDC470705CB9}.Debug|x86.ActiveCfg = Debug|Any CPU
		{7093443F-1C17-4D77-9B1E-FDC470705CB9}.Debug|x86.Build.0 = Debug|Any CPU
		{7093443F-1C17-4D77-9B1E-FDC470705CB9}.Release|Any CPU.ActiveCfg = Release|Any CPU
		{7093443F-1C17-4D77-9B1E-FDC470705CB9}.Release|Any CPU.Build.0 = Release|Any CPU
		{7093443F-1C17-4D77-9B1E-FDC470705CB9}.Release|x64.ActiveCfg = Release|x64
		{7093443F-1C17-4D77-9B1E-FDC470705CB9}.Release|x64.Build.0 = Release|x64
		{7093443F-1C17-4D77-9B1E-FDC470705CB9}.Release|x86.ActiveCfg = Release|Any CPU
		{7093443F-1C17-4D77-9B1E-FDC470705CB9}.Release|x86.Build.0 = Release|Any CPU
		{AF0D9563-8C6A-4C7B-A740-A34E132BC850}.Debug|Any CPU.ActiveCfg = Debug|Any CPU
		{AF0D9563-8C6A-4C7B-A740-A34E132BC850}.Debug|Any CPU.Build.0 = Debug|Any CPU
		{AF0D9563-8C6A-4C7B-A740-A34E132BC850}.Debug|x64.ActiveCfg = Debug|x64
		{AF0D9563-8C6A-4C7B-A740-A34E132BC850}.Debug|x64.Build.0 = Debug|x64
		{AF0D9563-8C6A-4C7B-A740-A34E132BC850}.Debug|x86.ActiveCfg = Debug|Any CPU
		{AF0D9563-8C6A-4C7B-A740-A34E132BC850}.Debug|x86.Build.0 = Debug|Any CPU
		{AF0D9563-8C6A-4C7B-A740-A34E132BC850}.Release|Any CPU.ActiveCfg = Release|Any CPU
		{AF0D9563-8C6A-4C7B-A740-A34E132BC850}.Release|Any CPU.Build.0 = Release|Any CPU
		{AF0D9563-8C6A-4C7B-A740-A34E132BC850}.Release|x64.ActiveCfg = Release|x64
		{AF0D9563-8C6A-4C7B-A740-A34E132BC850}.Release|x64.Build.0 = Release|x64
		{AF0D9563-8C6A-4C7B-A740-A34E132BC850}.Release|x86.ActiveCfg = Release|Any CPU
		{AF0D9563-8C6A-4C7B-A740-A34E132BC850}.Release|x86.Build.0 = Release|Any CPU
	EndGlobalSection
	GlobalSection(SolutionProperties) = preSolution
		HideSolutionNode = FALSE
	EndGlobalSection
	GlobalSection(NestedProjects) = preSolution
		{52995214-BEE2-4044-BDAC-9F0E54D04623} = {919EAECC-A60D-4012-B737-7222092C527B}
		{2549D103-D0A7-46F7-A008-B77EE2B954C0} = {32EF5522-D2B6-4876-AB5E-FC2CF00B5166}
		{18FB4F95-16C8-48F6-8F22-A8CF1865A36E} = {946C121D-CD54-4BCE-8EEB-1C3732747983}
		{69BD6C7B-18DF-4B61-80BE-562EE0DC21DF} = {E719992B-9E74-4388-A861-8AA8CE01E11B}
		{6A840350-AE61-4C95-B50C-F0F345895868} = {919EAECC-A60D-4012-B737-7222092C527B}
		{CFFB066F-048B-451F-B342-A08A02142ED2} = {0D86431A-D064-4BBF-9E84-CA904C62A3F7}
		{9E207003-9E65-439A-A9B2-AFB3EDA38F55} = {CFFB066F-048B-451F-B342-A08A02142ED2}
		{26501D71-EBD2-4E40-A805-76C6F3082818} = {0D86431A-D064-4BBF-9E84-CA904C62A3F7}
		{B90B4443-277F-4E7F-BE6B-50165C1C3B24} = {26501D71-EBD2-4E40-A805-76C6F3082818}
		{FDB9E98A-B6EE-487C-ACBA-AB47C47A600A} = {0D86431A-D064-4BBF-9E84-CA904C62A3F7}
		{84B198A9-7ADA-4050-B0A1-D68BAA4DAE81} = {FDB9E98A-B6EE-487C-ACBA-AB47C47A600A}
		{0756F8A5-08FA-4D7F-9ADC-F1B347C145E5} = {F9270F1F-5622-4D69-86E1-6A5CB8BBD4A1}
		{C5E216FE-DBBA-4E05-9B94-FF769DA057CC} = {63CF50CF-CA9B-451F-8E49-B59C9A30D907}
		{ACD292D2-3EB1-4D33-83EE-8FB426A3C5A1} = {AA53DF3A-A303-4DE4-9CC9-5C7A4A6EF046}
		{208B3F17-5BB6-4FD2-96D5-FEE7D4DBE4E5} = {E719992B-9E74-4388-A861-8AA8CE01E11B}
		{7093443F-1C17-4D77-9B1E-FDC470705CB9} = {E719992B-9E74-4388-A861-8AA8CE01E11B}
	EndGlobalSection
	GlobalSection(ExtensibilityGlobals) = postSolution
		SolutionGuid = {A14FB6C0-3853-4559-A3CC-9A3376810F62}
	EndGlobalSection
EndGlobal
